
Microsoft Visual Studio Solution File, Format Version 12.00
# Visual Studio Version 17
VisualStudioVersion = 17.0.32014.148
MinimumVisualStudioVersion = 10.0.40219.1
Project("{9A19103F-16F7-4668-BE54-9A1E7A4F7556}") = "EScooter.PhysicalControl.ManageDevices", "EScooter.PhysicalControl.ManageDevices\EScooter.PhysicalControl.ManageDevices.csproj", "{32DDD19D-7064-45A9-9497-652E67EC8415}"
EndProject
Project("{FAE04EC0-301F-11D3-BF4B-00C04F79EFBC}") = "EScooter.PhysicalControl.ManageDevices.UnitTests", "test\EScooter.PhysicalControl.ManageDevices.UnitTests\EScooter.PhysicalControl.ManageDevices.UnitTests.csproj", "{FC127D98-EEEA-4F1B-9156-87CE1D5C71A1}"
EndProject
Global
	GlobalSection(SolutionConfigurationPlatforms) = preSolution
		Debug|Any CPU = Debug|Any CPU
		Release|Any CPU = Release|Any CPU
	EndGlobalSection
	GlobalSection(ProjectConfigurationPlatforms) = postSolution
		{32DDD19D-7064-45A9-9497-652E67EC8415}.Debug|Any CPU.ActiveCfg = Debug|Any CPU
		{32DDD19D-7064-45A9-9497-652E67EC8415}.Debug|Any CPU.Build.0 = Debug|Any CPU
		{32DDD19D-7064-45A9-9497-652E67EC8415}.Release|Any CPU.ActiveCfg = Release|Any CPU
		{32DDD19D-7064-45A9-9497-652E67EC8415}.Release|Any CPU.Build.0 = Release|Any CPU
		{FC127D98-EEEA-4F1B-9156-87CE1D5C71A1}.Debug|Any CPU.ActiveCfg = Debug|Any CPU
		{FC127D98-EEEA-4F1B-9156-87CE1D5C71A1}.Debug|Any CPU.Build.0 = Debug|Any CPU
		{FC127D98-EEEA-4F1B-9156-87CE1D5C71A1}.Release|Any CPU.ActiveCfg = Release|Any CPU
		{FC127D98-EEEA-4F1B-9156-87CE1D5C71A1}.Release|Any CPU.Build.0 = Release|Any CPU
	EndGlobalSection
	GlobalSection(SolutionProperties) = preSolution
		HideSolutionNode = FALSE
	EndGlobalSection
	GlobalSection(ExtensibilityGlobals) = postSolution
		SolutionGuid = {BD52E9DA-14C2-4B2C-AB4E-DFA59B32E419}
	EndGlobalSection
EndGlobal
